
Microsoft Visual Studio Solution File, Format Version 12.00
# Visual Studio Version 16
VisualStudioVersion = 16.0.31515.178
MinimumVisualStudioVersion = 10.0.40219.1
Project("{2150E333-8FDC-42A3-9474-1A3956D46DE8}") = "Customer", "Customer", "{56D19220-7845-4893-81CB-D503511B842E}"
EndProject
Project("{9A19103F-16F7-4668-BE54-9A1E7A4F7556}") = "Customers.WebAPI", "Customer\Customers.WebAPI\Customers.WebAPI.csproj", "{A008F56D-CB8B-4ADD-B0F7-14EDCCD852C5}"
EndProject
Project("{9A19103F-16F7-4668-BE54-9A1E7A4F7556}") = "FoodMenu.WebAPI", "FoodMenu\FoodMenu.WebAPI\FoodMenu.WebAPI.csproj", "{1AC3F2A1-A597-48ED-8B67-460E44E0F11A}"
EndProject
Project("{2150E333-8FDC-42A3-9474-1A3956D46DE8}") = "FoodMenu", "FoodMenu", "{04DFC97D-5C13-46F4-97BB-124FE3DA21B6}"
EndProject
Project("{2150E333-8FDC-42A3-9474-1A3956D46DE8}") = "Order", "Order", "{0EBECDC0-16DE-42DC-A590-3AE790BD015D}"
EndProject
Project("{9A19103F-16F7-4668-BE54-9A1E7A4F7556}") = "Order.WebAPI", "Order\Order.WebAPI\Order.WebAPI.csproj", "{0BDF741E-6C6A-4D11-82FF-393459E4FC4A}"
EndProject
Project("{9A19103F-16F7-4668-BE54-9A1E7A4F7556}") = "Customers.Tests", "Customer\Customers.Tests\Customers.Tests.csproj", "{0BAC7E0E-2C1F-4B27-B3C8-B242C10CBCBD}"
EndProject
Project("{9A19103F-16F7-4668-BE54-9A1E7A4F7556}") = "FoodMenu.Tests", "FoodMenu\FoodMenu.Tests\FoodMenu.Tests.csproj", "{B0317EF7-FDB0-4122-90DC-D99FFBA391CF}"
EndProject
Project("{9A19103F-16F7-4668-BE54-9A1E7A4F7556}") = "Order.Tests", "Order\Order.Tests\Order.Tests.csproj", "{7C4E7891-93D9-418C-AA0F-A7AB86AC93B8}"
EndProject
Project("{9A19103F-16F7-4668-BE54-9A1E7A4F7556}") = "Customers.BusinessLayer", "Customers.BusinessLayer\Customers.BusinessLayer.csproj", "{19B3446A-252D-475A-80E6-8059F873C8C3}"
EndProject
Project("{9A19103F-16F7-4668-BE54-9A1E7A4F7556}") = "Customers.DataLayer", "Customers.DataLayer\Customers.DataLayer.csproj", "{7FB215E3-0774-484C-8330-2730262652B5}"
EndProject
Project("{9A19103F-16F7-4668-BE54-9A1E7A4F7556}") = "Customers.Entities", "Customers.Entities\Customers.Entities.csproj", "{2B47690F-2A03-4375-9F65-0E1907D3656D}"
EndProject
Project("{9A19103F-16F7-4668-BE54-9A1E7A4F7556}") = "FoodMenu.BusinessLayer", "FoodMenu.BusinessLayer\FoodMenu.BusinessLayer.csproj", "{185E61B6-EBA8-4FB2-A6DF-6A93A8DC76D7}"
EndProject
Project("{9A19103F-16F7-4668-BE54-9A1E7A4F7556}") = "FoodMenu.DataLayer", "FoodMenu.DataLayer\FoodMenu.DataLayer.csproj", "{CFCB65FE-4D08-40B6-87EA-E562FAA261E3}"
EndProject
Project("{9A19103F-16F7-4668-BE54-9A1E7A4F7556}") = "FoodMenu.Entities", "FoodMenu.Entities\FoodMenu.Entities.csproj", "{390B8E90-8594-43E4-A7C8-398BD9007B69}"
EndProject
Project("{9A19103F-16F7-4668-BE54-9A1E7A4F7556}") = "Order.BusinessLayer", "Order.BusinessLayer\Order.BusinessLayer.csproj", "{C55C83D3-A1FE-4FA1-AB93-E7784D79759A}"
EndProject
Project("{9A19103F-16F7-4668-BE54-9A1E7A4F7556}") = "Order.DataLayer", "Order.DataLayer\Order.DataLayer.csproj", "{9BEAF886-255E-4E20-89AD-D3D40AB50283}"
EndProject
Project("{9A19103F-16F7-4668-BE54-9A1E7A4F7556}") = "Order.Entities", "Order.Entities\Order.Entities.csproj", "{35CC3F79-A189-498C-A1F5-C8E42C277F86}"
EndProject
Project("{FAE04EC0-301F-11D3-BF4B-00C04F79EFBC}") = "WebUI", "WebUI\WebUI.csproj", "{ABD89C21-5B89-4B3A-81D7-404B56FD1CFB}"
EndProject
Global
	GlobalSection(SolutionConfigurationPlatforms) = preSolution
		Debug|Any CPU = Debug|Any CPU
		Release|Any CPU = Release|Any CPU
	EndGlobalSection
	GlobalSection(ProjectConfigurationPlatforms) = postSolution
		{A008F56D-CB8B-4ADD-B0F7-14EDCCD852C5}.Debug|Any CPU.ActiveCfg = Debug|Any CPU
		{A008F56D-CB8B-4ADD-B0F7-14EDCCD852C5}.Debug|Any CPU.Build.0 = Debug|Any CPU
		{A008F56D-CB8B-4ADD-B0F7-14EDCCD852C5}.Release|Any CPU.ActiveCfg = Release|Any CPU
		{A008F56D-CB8B-4ADD-B0F7-14EDCCD852C5}.Release|Any CPU.Build.0 = Release|Any CPU
		{1AC3F2A1-A597-48ED-8B67-460E44E0F11A}.Debug|Any CPU.ActiveCfg = Debug|Any CPU
		{1AC3F2A1-A597-48ED-8B67-460E44E0F11A}.Debug|Any CPU.Build.0 = Debug|Any CPU
		{1AC3F2A1-A597-48ED-8B67-460E44E0F11A}.Release|Any CPU.ActiveCfg = Release|Any CPU
		{1AC3F2A1-A597-48ED-8B67-460E44E0F11A}.Release|Any CPU.Build.0 = Release|Any CPU
		{0BDF741E-6C6A-4D11-82FF-393459E4FC4A}.Debug|Any CPU.ActiveCfg = Debug|Any CPU
		{0BDF741E-6C6A-4D11-82FF-393459E4FC4A}.Debug|Any CPU.Build.0 = Debug|Any CPU
		{0BDF741E-6C6A-4D11-82FF-393459E4FC4A}.Release|Any CPU.ActiveCfg = Release|Any CPU
		{0BDF741E-6C6A-4D11-82FF-393459E4FC4A}.Release|Any CPU.Build.0 = Release|Any CPU
		{0BAC7E0E-2C1F-4B27-B3C8-B242C10CBCBD}.Debug|Any CPU.ActiveCfg = Debug|Any CPU
		{0BAC7E0E-2C1F-4B27-B3C8-B242C10CBCBD}.Debug|Any CPU.Build.0 = Debug|Any CPU
		{0BAC7E0E-2C1F-4B27-B3C8-B242C10CBCBD}.Release|Any CPU.ActiveCfg = Release|Any CPU
		{0BAC7E0E-2C1F-4B27-B3C8-B242C10CBCBD}.Release|Any CPU.Build.0 = Release|Any CPU
		{B0317EF7-FDB0-4122-90DC-D99FFBA391CF}.Debug|Any CPU.ActiveCfg = Debug|Any CPU
		{B0317EF7-FDB0-4122-90DC-D99FFBA391CF}.Debug|Any CPU.Build.0 = Debug|Any CPU
		{B0317EF7-FDB0-4122-90DC-D99FFBA391CF}.Release|Any CPU.ActiveCfg = Release|Any CPU
		{B0317EF7-FDB0-4122-90DC-D99FFBA391CF}.Release|Any CPU.Build.0 = Release|Any CPU
		{7C4E7891-93D9-418C-AA0F-A7AB86AC93B8}.Debug|Any CPU.ActiveCfg = Debug|Any CPU
		{7C4E7891-93D9-418C-AA0F-A7AB86AC93B8}.Debug|Any CPU.Build.0 = Debug|Any CPU
		{7C4E7891-93D9-418C-AA0F-A7AB86AC93B8}.Release|Any CPU.ActiveCfg = Release|Any CPU
		{7C4E7891-93D9-418C-AA0F-A7AB86AC93B8}.Release|Any CPU.Build.0 = Release|Any CPU
		{19B3446A-252D-475A-80E6-8059F873C8C3}.Debug|Any CPU.ActiveCfg = Debug|Any CPU
		{19B3446A-252D-475A-80E6-8059F873C8C3}.Debug|Any CPU.Build.0 = Debug|Any CPU
		{19B3446A-252D-475A-80E6-8059F873C8C3}.Release|Any CPU.ActiveCfg = Release|Any CPU
		{19B3446A-252D-475A-80E6-8059F873C8C3}.Release|Any CPU.Build.0 = Release|Any CPU
		{7FB215E3-0774-484C-8330-2730262652B5}.Debug|Any CPU.ActiveCfg = Debug|Any CPU
		{7FB215E3-0774-484C-8330-2730262652B5}.Debug|Any CPU.Build.0 = Debug|Any CPU
		{7FB215E3-0774-484C-8330-2730262652B5}.Release|Any CPU.ActiveCfg = Release|Any CPU
		{7FB215E3-0774-484C-8330-2730262652B5}.Release|Any CPU.Build.0 = Release|Any CPU
		{2B47690F-2A03-4375-9F65-0E1907D3656D}.Debug|Any CPU.ActiveCfg = Debug|Any CPU
		{2B47690F-2A03-4375-9F65-0E1907D3656D}.Debug|Any CPU.Build.0 = Debug|Any CPU
		{2B47690F-2A03-4375-9F65-0E1907D3656D}.Release|Any CPU.ActiveCfg = Release|Any CPU
		{2B47690F-2A03-4375-9F65-0E1907D3656D}.Release|Any CPU.Build.0 = Release|Any CPU
		{185E61B6-EBA8-4FB2-A6DF-6A93A8DC76D7}.Debug|Any CPU.ActiveCfg = Debug|Any CPU
		{185E61B6-EBA8-4FB2-A6DF-6A93A8DC76D7}.Debug|Any CPU.Build.0 = Debug|Any CPU
		{185E61B6-EBA8-4FB2-A6DF-6A93A8DC76D7}.Release|Any CPU.ActiveCfg = Release|Any CPU
		{185E61B6-EBA8-4FB2-A6DF-6A93A8DC76D7}.Release|Any CPU.Build.0 = Release|Any CPU
		{CFCB65FE-4D08-40B6-87EA-E562FAA261E3}.Debug|Any CPU.ActiveCfg = Debug|Any CPU
		{CFCB65FE-4D08-40B6-87EA-E562FAA261E3}.Debug|Any CPU.Build.0 = Debug|Any CPU
		{CFCB65FE-4D08-40B6-87EA-E562FAA261E3}.Release|Any CPU.ActiveCfg = Release|Any CPU
		{CFCB65FE-4D08-40B6-87EA-E562FAA261E3}.Release|Any CPU.Build.0 = Release|Any CPU
		{390B8E90-8594-43E4-A7C8-398BD9007B69}.Debug|Any CPU.ActiveCfg = Debug|Any CPU
		{390B8E90-8594-43E4-A7C8-398BD9007B69}.Debug|Any CPU.Build.0 = Debug|Any CPU
		{390B8E90-8594-43E4-A7C8-398BD9007B69}.Release|Any CPU.ActiveCfg = Release|Any CPU
		{390B8E90-8594-43E4-A7C8-398BD9007B69}.Release|Any CPU.Build.0 = Release|Any CPU
		{C55C83D3-A1FE-4FA1-AB93-E7784D79759A}.Debug|Any CPU.ActiveCfg = Debug|Any CPU
		{C55C83D3-A1FE-4FA1-AB93-E7784D79759A}.Debug|Any CPU.Build.0 = Debug|Any CPU
		{C55C83D3-A1FE-4FA1-AB93-E7784D79759A}.Release|Any CPU.ActiveCfg = Release|Any CPU
		{C55C83D3-A1FE-4FA1-AB93-E7784D79759A}.Release|Any CPU.Build.0 = Release|Any CPU
		{9BEAF886-255E-4E20-89AD-D3D40AB50283}.Debug|Any CPU.ActiveCfg = Debug|Any CPU
		{9BEAF886-255E-4E20-89AD-D3D40AB50283}.Debug|Any CPU.Build.0 = Debug|Any CPU
		{9BEAF886-255E-4E20-89AD-D3D40AB50283}.Release|Any CPU.ActiveCfg = Release|Any CPU
		{9BEAF886-255E-4E20-89AD-D3D40AB50283}.Release|Any CPU.Build.0 = Release|Any CPU
		{35CC3F79-A189-498C-A1F5-C8E42C277F86}.Debug|Any CPU.ActiveCfg = Debug|Any CPU
		{35CC3F79-A189-498C-A1F5-C8E42C277F86}.Debug|Any CPU.Build.0 = Debug|Any CPU
		{35CC3F79-A189-498C-A1F5-C8E42C277F86}.Release|Any CPU.ActiveCfg = Release|Any CPU
		{35CC3F79-A189-498C-A1F5-C8E42C277F86}.Release|Any CPU.Build.0 = Release|Any CPU
		{ABD89C21-5B89-4B3A-81D7-404B56FD1CFB}.Debug|Any CPU.ActiveCfg = Debug|Any CPU
		{ABD89C21-5B89-4B3A-81D7-404B56FD1CFB}.Debug|Any CPU.Build.0 = Debug|Any CPU
		{ABD89C21-5B89-4B3A-81D7-404B56FD1CFB}.Release|Any CPU.ActiveCfg = Release|Any CPU
		{ABD89C21-5B89-4B3A-81D7-404B56FD1CFB}.Release|Any CPU.Build.0 = Release|Any CPU
	EndGlobalSection
	GlobalSection(SolutionProperties) = preSolution
		HideSolutionNode = FALSE
	EndGlobalSection
	GlobalSection(NestedProjects) = preSolution
		{A008F56D-CB8B-4ADD-B0F7-14EDCCD852C5} = {56D19220-7845-4893-81CB-D503511B842E}
		{1AC3F2A1-A597-48ED-8B67-460E44E0F11A} = {04DFC97D-5C13-46F4-97BB-124FE3DA21B6}
		{0BDF741E-6C6A-4D11-82FF-393459E4FC4A} = {0EBECDC0-16DE-42DC-A590-3AE790BD015D}
		{0BAC7E0E-2C1F-4B27-B3C8-B242C10CBCBD} = {56D19220-7845-4893-81CB-D503511B842E}
		{B0317EF7-FDB0-4122-90DC-D99FFBA391CF} = {04DFC97D-5C13-46F4-97BB-124FE3DA21B6}
		{7C4E7891-93D9-418C-AA0F-A7AB86AC93B8} = {0EBECDC0-16DE-42DC-A590-3AE790BD015D}
		{19B3446A-252D-475A-80E6-8059F873C8C3} = {56D19220-7845-4893-81CB-D503511B842E}
		{7FB215E3-0774-484C-8330-2730262652B5} = {56D19220-7845-4893-81CB-D503511B842E}
		{2B47690F-2A03-4375-9F65-0E1907D3656D} = {56D19220-7845-4893-81CB-D503511B842E}
		{185E61B6-EBA8-4FB2-A6DF-6A93A8DC76D7} = {04DFC97D-5C13-46F4-97BB-124FE3DA21B6}
		{CFCB65FE-4D08-40B6-87EA-E562FAA261E3} = {04DFC97D-5C13-46F4-97BB-124FE3DA21B6}
		{390B8E90-8594-43E4-A7C8-398BD9007B69} = {04DFC97D-5C13-46F4-97BB-124FE3DA21B6}
		{C55C83D3-A1FE-4FA1-AB93-E7784D79759A} = {0EBECDC0-16DE-42DC-A590-3AE790BD015D}
		{9BEAF886-255E-4E20-89AD-D3D40AB50283} = {0EBECDC0-16DE-42DC-A590-3AE790BD015D}
		{35CC3F79-A189-498C-A1F5-C8E42C277F86} = {0EBECDC0-16DE-42DC-A590-3AE790BD015D}
	EndGlobalSection
	GlobalSection(ExtensibilityGlobals) = postSolution
		SolutionGuid = {7D1E1932-B74C-4DDC-BA42-65F96BC138B6}
	EndGlobalSection
EndGlobal
